lockVersion: 2.0.0
id: d471bfcd-fb5c-4458-81b8-72b88ee3ad84
management:
  docChecksum: 42e2a609f4ce14d51cf87a8029287ce2
  docVersion: 1.1.0
  speakeasyVersion: 1.300.0
  generationVersion: 2.338.14
  releaseVersion: 0.1.0
  configChecksum: 49ad0ad19b4383815578f7c8bd510e2b
features:
  terraform:
    additionalDependencies: 0.1.0
    core: 3.21.2
    globalSecurity: 2.81.6
    globalServerURLs: 2.82.1
    nameOverrides: 2.81.2
    nullables: 0.0.0
generatedFiles:
  - internal/sdk/projects.go
  - internal/sdk/sections.go
  - internal/sdk/tasks.go
  - internal/sdk/comments.go
  - internal/sdk/labels.go
  - internal/sdk/sdk.go
  - internal/sdk/models/errors/sdkerror.go
  - internal/sdk/types/bigint.go
  - internal/sdk/types/date.go
  - internal/sdk/types/datetime.go
  - internal/sdk/types/decimal.go
  - internal/sdk/types/pointers.go
  - internal/sdk/internal/utils/contenttype.go
  - internal/sdk/internal/utils/form.go
  - internal/sdk/internal/utils/headers.go
  - internal/sdk/internal/utils/json.go
  - internal/sdk/internal/utils/pathparams.go
  - internal/sdk/internal/utils/queryparams.go
  - internal/sdk/internal/utils/requestbody.go
  - internal/sdk/internal/utils/retries.go
  - internal/sdk/internal/utils/security.go
  - internal/sdk/internal/utils/utils.go
  - internal/sdk/models/operations/getallprojects.go
  - internal/sdk/models/operations/createproject.go
  - internal/sdk/models/operations/getproject.go
  - internal/sdk/models/operations/updateproject.go
  - internal/sdk/models/operations/deleteproject.go
  - internal/sdk/models/operations/getallcollaborators.go
  - internal/sdk/models/operations/getallsections.go
  - internal/sdk/models/operations/createsection.go
  - internal/sdk/models/operations/getsinglesection.go
  - internal/sdk/models/operations/updatesection.go
  - internal/sdk/models/operations/deletesection.go
  - internal/sdk/models/operations/getactivetasks.go
  - internal/sdk/models/operations/createtask.go
  - internal/sdk/models/operations/getactivetask.go
  - internal/sdk/models/operations/updatetask.go
  - internal/sdk/models/operations/deletetask.go
  - internal/sdk/models/operations/closetask.go
  - internal/sdk/models/operations/reopentask.go
  - internal/sdk/models/operations/getallcomments.go
  - internal/sdk/models/operations/createcomment.go
  - internal/sdk/models/operations/getcomment.go
  - internal/sdk/models/operations/updatecomment.go
  - internal/sdk/models/operations/deletecomment.go
  - internal/sdk/models/operations/getallpersonallabels.go
  - internal/sdk/models/operations/createpersonallabel.go
  - internal/sdk/models/operations/getpersonallabel.go
  - internal/sdk/models/operations/updatepersonallabel.go
  - internal/sdk/models/operations/deletepersonallabel.go
  - internal/sdk/models/shared/errormodel.go
  - internal/sdk/models/shared/project.go
  - internal/sdk/models/shared/collaborator.go
  - internal/sdk/models/shared/section.go
  - internal/sdk/models/shared/task.go
  - internal/sdk/models/shared/duration.go
  - internal/sdk/models/shared/due.go
  - internal/sdk/models/shared/comment.go
  - internal/sdk/models/shared/label.go
  - internal/sdk/models/shared/security.go
  - internal/sdk/.gitignore
  - internal/sdk/.gitattributes
  - internal/sdk/internal/hooks/registration.go
  - internal/sdk/internal/hooks/hooks.go
  - examples/README.md
  - go.mod
  - go.sum
  - internal/planmodifiers/boolplanmodifier/suppress_diff.go
  - internal/planmodifiers/float64planmodifier/suppress_diff.go
  - internal/planmodifiers/int64planmodifier/suppress_diff.go
  - internal/planmodifiers/listplanmodifier/suppress_diff.go
  - internal/planmodifiers/mapplanmodifier/suppress_diff.go
  - internal/planmodifiers/numberplanmodifier/suppress_diff.go
  - internal/planmodifiers/objectplanmodifier/suppress_diff.go
  - internal/planmodifiers/setplanmodifier/suppress_diff.go
  - internal/planmodifiers/stringplanmodifier/suppress_diff.go
  - internal/planmodifiers/utils/state_check.go
  - internal/provider/reflect/diags.go
  - internal/provider/reflect/doc.go
  - internal/provider/reflect/generic_attr_value.go
  - internal/provider/reflect/helpers.go
  - internal/provider/reflect/interfaces.go
  - internal/provider/reflect/into.go
  - internal/provider/reflect/map.go
  - internal/provider/reflect/number.go
  - internal/provider/reflect/options.go
  - internal/provider/reflect/outof.go
  - internal/provider/reflect/pointer.go
  - internal/provider/reflect/primitive.go
  - internal/provider/reflect/slice.go
  - internal/provider/reflect/struct.go
  - internal/provider/utils.go
  - internal/validators/DateValidator.go
  - internal/validators/ExactlyOneChild.go
  - internal/validators/JSONParseValidator.go
  - internal/validators/RFC3339Validator.go
  - internal/validators/boolvalidators/not_null.go
  - internal/validators/float64validators/not_null.go
  - internal/validators/int64validators/not_null.go
  - internal/validators/listvalidators/not_null.go
  - internal/validators/mapvalidators/not_null.go
  - internal/validators/numbervalidators/not_null.go
  - internal/validators/objectvalidators/not_null.go
  - internal/validators/setvalidators/not_null.go
  - internal/validators/stringvalidators/not_null.go
  - main.go
  - terraform-registry-manifest.json
  - tools/tools.go
  - internal/provider/types/due.go
  - internal/provider/types/task_due.go
  - internal/provider/types/duration.go
  - internal/provider/types/task_duration.go
  - USAGE.md
  - internal/provider/provider.go
  - examples/provider/provider.tf
  - examples/resources/todoist_project/import.sh
  - internal/provider/project_resource.go
  - internal/provider/project_resource_sdk.go
  - examples/resources/todoist_project/resource.tf
  - examples/resources/todoist_task/import.sh
  - internal/provider/task_resource.go
  - internal/provider/task_resource_sdk.go
  - examples/resources/todoist_task/resource.tf
  - internal/provider/project_data_source.go
  - internal/provider/project_data_source_sdk.go
  - examples/data-sources/todoist_project/data-source.tf
  - internal/provider/task_data_source.go
  - internal/provider/task_data_source_sdk.go
  - examples/data-sources/todoist_task/data-source.tf
  - .gitattributes
