speakeasyVersion: 1.300.0
sources:
    todoist-openapi:
        sourceNamespace: todoist-openapi
        sourceRevisionDigest: sha256:0c52ff3f864eeaa58852fb2c9b69c000ab0c1849f8d9da530fe144e518dfbfb1
        sourceBlobDigest: sha256:6a852ecf42038c316bc5b039d454da45bb00e817c6f1e4aed4f0fcbd6e0cf779
        tags:
            - latest
targets:
    my-first-target:
        source: todoist-openapi
        sourceNamespace: todoist-openapi
        sourceRevisionDigest: sha256:0c52ff3f864eeaa58852fb2c9b69c000ab0c1849f8d9da530fe144e518dfbfb1
        sourceBlobDigest: sha256:6a852ecf42038c316bc5b039d454da45bb00e817c6f1e4aed4f0fcbd6e0cf779
        outLocation: /Users/thomasrooney/Code/speakeasy-api/openapi-generation/zSDKs/terraform-provider-todoist
workflow:
    workflowVersion: 1.0.0
    sources:
        todoist-openapi:
            inputs:
                - location: todoist.yaml
            registry:
                location: registry.speakeasyapi.dev/speakeasy-self/speakeasy-self/todoist-openapi
    targets:
        my-first-target:
            target: terraform
            source: todoist-openapi
