speakeasyVersion: 1.300.0
sources:
    todoist-openapi:
        sourceNamespace: todoist-openapi
        sourceRevisionDigest: sha256:811c3ff7d7c02ced6481f35148e0a51b7ec66da79526d28919f0e2d63bc38a6d
        sourceBlobDigest: sha256:20bd037ecc419b264338547a1e5e46100127a0a19c174fafe0b4bdb55fb87e8e
        tags:
            - latest
targets:
    my-first-target:
        source: todoist-openapi
        sourceNamespace: todoist-openapi
        sourceRevisionDigest: sha256:811c3ff7d7c02ced6481f35148e0a51b7ec66da79526d28919f0e2d63bc38a6d
        sourceBlobDigest: sha256:20bd037ecc419b264338547a1e5e46100127a0a19c174fafe0b4bdb55fb87e8e
        outLocation: /Users/thomasrooney/Code/speakeasy-api/openapi-generation/zSDKs/terraform-provider-todoist
workflow:
    workflowVersion: 1.0.0
    sources:
        todoist-openapi:
            inputs:
                - location: todoist.yaml
            registry:
                location: registry.speakeasyapi.dev/speakeasy-self/speakeasy-self/todoist-openapi
    targets:
        my-first-target:
            target: terraform
            source: todoist-openapi
